{
  "name": "myblog",
  "version": "1.0.0",
  "lockfileVersion": 2,
  "requires": true,
  "packages": {
    "": {
      "name": "myblog",
      "version": "1.0.0",
      "dependencies": {
        "bootstrap": "^5.1.3",
        "lodash": "^4.17.21",
        "mathjax-full": "^3.2.0"
      },
      "devDependencies": {}
    },
    "node_modules/@popperjs/core": {
      "version": "2.11.2",
      "resolved": "https://rg.cnpmjs.org/@popperjs/core/download/@popperjs/core-2.11.2.tgz",
      "integrity": "sha512-92FRmppjjqz29VMJ2dn+xdyXZBrMlE42AV6Kq6BwjWV7CNUW1hs2FtxSNLQE+gJhaZ6AAmYuO9y8dshhcBl7vA==",
      "peer": true,
      "funding": {
        "type": "opencollective",
        "url": "https://opencollective.com/popperjs"
      }
    },
    "node_modules/bootstrap": {
      "version": "5.1.3",
      "resolved": "https://rg.cnpmjs.org/bootstrap/download/bootstrap-5.1.3.tgz",
      "integrity": "sha1-uggbDBMPgQ+nCQCsvBxtPCj6jzQ=",
      "license": "MIT",
      "funding": {
        "type": "opencollective",
        "url": "https://opencollective.com/bootstrap"
      },
      "peerDependencies": {
        "@popperjs/core": "^2.10.2"
      }
    },
    "node_modules/commander": {
      "version": "8.3.0",
      "resolved": "https://rg.cnpmjs.org/commander/download/commander-8.3.0.tgz",
      "integrity": "sha1-SDfqGy2me5xhamevuw+v7lZ7ymY=",
      "license": "MIT",
      "engines": {
        "node": ">= 12"
      }
    },
    "node_modules/esm": {
      "version": "3.2.25",
      "resolved": "https://rg.cnpmjs.org/esm/download/esm-3.2.25.tgz",
      "integrity": "sha1-NCwYwp1WFXaIulzjH4Qx+7eVzBA=",
      "engines": {
        "node": ">=6"
      }
    },
    "node_modules/lodash": {
      "version": "4.17.21",
      "resolved": "https://rg.cnpmjs.org/lodash/download/lodash-4.17.21.tgz",
      "integrity": "sha1-Z5WRxWTDv/quhFTPCz3zcMPWkRw="
    },
    "node_modules/mathjax-full": {
      "version": "3.2.0",
      "resolved": "https://rg.cnpmjs.org/mathjax-full/download/mathjax-full-3.2.0.tgz",
      "integrity": "sha1-5TJphCqUPU3xBQKTdRiZEmiZbFw=",
      "dependencies": {
        "esm": "^3.2.25",
        "mhchemparser": "^4.1.0",
        "mj-context-menu": "^0.6.1",
        "speech-rule-engine": "^3.3.3"
      }
    },
    "node_modules/mhchemparser": {
      "version": "4.1.1",
      "resolved": "https://rg.cnpmjs.org/mhchemparser/download/mhchemparser-4.1.1.tgz",
      "integrity": "sha1-ohQv2rN6AuyNG0ikRQWSh3kL7NU="
    },
    "node_modules/mj-context-menu": {
      "version": "0.6.1",
      "resolved": "https://rg.cnpmjs.org/mj-context-menu/download/mj-context-menu-0.6.1.tgz",
      "integrity": "sha1-oEPFKCv34c84Id4HsTUlym+Fqmk="
    },
    "node_modules/speech-rule-engine": {
      "version": "3.3.3",
      "resolved": "https://rg.cnpmjs.org/speech-rule-engine/download/speech-rule-engine-3.3.3.tgz",
      "integrity": "sha1-eB7QPLzzJ5+U0dgCQQJeqVTG1XE=",
      "dependencies": {
        "commander": ">=7.0.0",
        "wicked-good-xpath": "^1.3.0",
        "xmldom-sre": "^0.1.31"
      },
      "bin": {
        "sre": "bin/sre"
      }
    },
    "node_modules/wicked-good-xpath": {
      "version": "1.3.0",
      "resolved": "https://rg.cnpmjs.org/wicked-good-xpath/download/wicked-good-xpath-1.3.0.tgz",
      "integrity": "sha1-gbDpXoZQ5JyUsiKY//hoa1VTz2w="
    },
    "node_modules/xmldom-sre": {
      "version": "0.1.31",
      "resolved": "https://rg.cnpmjs.org/xmldom-sre/download/xmldom-sre-0.1.31.tgz",
      "integrity": "sha1-EIYNW6ssYDFEWX0EvyxJgOmAZ/Q=",
      "engines": {
        "node": ">=0.1"
      }
    }
  },
  "dependencies": {
    "@popperjs/core": {
      "version": "2.11.2",
      "resolved": "https://rg.cnpmjs.org/@popperjs/core/download/@popperjs/core-2.11.2.tgz",
      "integrity": "sha512-92FRmppjjqz29VMJ2dn+xdyXZBrMlE42AV6Kq6BwjWV7CNUW1hs2FtxSNLQE+gJhaZ6AAmYuO9y8dshhcBl7vA==",
      "peer": true
    },
    "bootstrap": {
      "version": "5.1.3",
      "resolved": "https://rg.cnpmjs.org/bootstrap/download/bootstrap-5.1.3.tgz",
      "integrity": "sha1-uggbDBMPgQ+nCQCsvBxtPCj6jzQ=",
      "requires": {}
    },
    "commander": {
      "version": "8.3.0",
      "resolved": "https://rg.cnpmjs.org/commander/download/commander-8.3.0.tgz",
      "integrity": "sha1-SDfqGy2me5xhamevuw+v7lZ7ymY="
    },
    "esm": {
      "version": "3.2.25",
      "resolved": "https://rg.cnpmjs.org/esm/download/esm-3.2.25.tgz",
      "integrity": "sha1-NCwYwp1WFXaIulzjH4Qx+7eVzBA="
    },
    "lodash": {
      "version": "4.17.21",
      "resolved": "https://rg.cnpmjs.org/lodash/download/lodash-4.17.21.tgz",
      "integrity": "sha1-Z5WRxWTDv/quhFTPCz3zcMPWkRw="
    },
    "mathjax-full": {
      "version": "3.2.0",
      "resolved": "https://rg.cnpmjs.org/mathjax-full/download/mathjax-full-3.2.0.tgz",
      "integrity": "sha1-5TJphCqUPU3xBQKTdRiZEmiZbFw=",
      "requires": {
        "esm": "^3.2.25",
        "mhchemparser": "^4.1.0",
        "mj-context-menu": "^0.6.1",
        "speech-rule-engine": "^3.3.3"
      }
    },
    "mhchemparser": {
      "version": "4.1.1",
      "resolved": "https://rg.cnpmjs.org/mhchemparser/download/mhchemparser-4.1.1.tgz",
      "integrity": "sha1-ohQv2rN6AuyNG0ikRQWSh3kL7NU="
    },
    "mj-context-menu": {
      "version": "0.6.1",
      "resolved": "https://rg.cnpmjs.org/mj-context-menu/download/mj-context-menu-0.6.1.tgz",
      "integrity": "sha1-oEPFKCv34c84Id4HsTUlym+Fqmk="
    },
    "speech-rule-engine": {
      "version": "3.3.3",
      "resolved": "https://rg.cnpmjs.org/speech-rule-engine/download/speech-rule-engine-3.3.3.tgz",
      "integrity": "sha1-eB7QPLzzJ5+U0dgCQQJeqVTG1XE=",
      "requires": {
        "commander": ">=7.0.0",
        "wicked-good-xpath": "^1.3.0",
        "xmldom-sre": "^0.1.31"
      }
    },
    "wicked-good-xpath": {
      "version": "1.3.0",
      "resolved": "https://rg.cnpmjs.org/wicked-good-xpath/download/wicked-good-xpath-1.3.0.tgz",
      "integrity": "sha1-gbDpXoZQ5JyUsiKY//hoa1VTz2w="
    },
    "xmldom-sre": {
      "version": "0.1.31",
      "resolved": "https://rg.cnpmjs.org/xmldom-sre/download/xmldom-sre-0.1.31.tgz",
      "integrity": "sha1-EIYNW6ssYDFEWX0EvyxJgOmAZ/Q="
    }
  }
}
